
Microsoft Visual Studio Solution File, Format Version 12.00
Project("{FAE04EC0-301F-11D3-BF4B-00C04F79EFBC}") = "DL.StartUp", "DL.StartUp\DL.StartUp.csproj", "{55D3944B-978C-4EC7-99AE-FC65CA496106}"
EndProject
Project("{FAE04EC0-301F-11D3-BF4B-00C04F79EFBC}") = "DL.Migrator", "DL.Migrator\DL.Migrator.csproj", "{BB769E99-116D-48B9-8B14-271BC394AB1C}"
EndProject
Project("{FAE04EC0-301F-11D3-BF4B-00C04F79EFBC}") = "DL.Auth", "DL.Auth\DL.Auth.csproj", "{2FBD55D0-8BB9-4F67-A65F-DB5FED65E597}"
EndProject
Project("{FAE04EC0-301F-11D3-BF4B-00C04F79EFBC}") = "DL.Directories", "DL.Directories\DL.Directories.csproj", "{BDCBFC94-88B4-425F-8D65-4F7A711D782F}"
EndProject
Project("{FAE04EC0-301F-11D3-BF4B-00C04F79EFBC}") = "DL.Audit", "DL.Audit\DL.Audit.csproj", "{E47F37FE-5199-479A-8210-F529DA945B79}"
EndProject
Project("{FAE04EC0-301F-11D3-BF4B-00C04F79EFBC}") = "DL.Audit.Models", "DL.Audit.Models\DL.Audit.Models.csproj", "{A419CFD9-0D41-4728-AAE4-83A2C89801FB}"
EndProject
Project("{FAE04EC0-301F-11D3-BF4B-00C04F79EFBC}") = "DL.Core", "DL.Core\DL.Core.csproj", "{69442DA8-297B-4AEA-AB6C-394DDC67839B}"
EndProject
Project("{FAE04EC0-301F-11D3-BF4B-00C04F79EFBC}") = "DL.QR", "DL.QR\DL.QR.csproj", "{F0B45A2E-4D76-4DFE-96B6-4268A46953E7}"
EndProject
Project("{2150E333-8FDC-42A3-9474-1A3956D46DE8}") = "Solution Items", "Solution Items", "{F7BE54F5-664A-45EC-AF1D-FD9228BA7EE5}"
	ProjectSection(SolutionItems) = preProject
		compose.yaml = compose.yaml
		Dockerfile = Dockerfile
		.dockerignore = .dockerignore
	EndProjectSection
EndProject
Project("{FAE04EC0-301F-11D3-BF4B-00C04F79EFBC}") = "DL.Graylog", "DL.Graylog\DL.Graylog.csproj", "{3C100577-4346-4FFC-A3EF-3783060ED476}"
EndProject
Global
	GlobalSection(SolutionConfigurationPlatforms) = preSolution
		Debug|Any CPU = Debug|Any CPU
		Release|Any CPU = Release|Any CPU
	EndGlobalSection
	GlobalSection(ProjectConfigurationPlatforms) = postSolution
		{55D3944B-978C-4EC7-99AE-FC65CA496106}.Debug|Any CPU.ActiveCfg = Debug|Any CPU
		{55D3944B-978C-4EC7-99AE-FC65CA496106}.Debug|Any CPU.Build.0 = Debug|Any CPU
		{55D3944B-978C-4EC7-99AE-FC65CA496106}.Release|Any CPU.ActiveCfg = Release|Any CPU
		{55D3944B-978C-4EC7-99AE-FC65CA496106}.Release|Any CPU.Build.0 = Release|Any CPU
		{BB769E99-116D-48B9-8B14-271BC394AB1C}.Debug|Any CPU.ActiveCfg = Debug|Any CPU
		{BB769E99-116D-48B9-8B14-271BC394AB1C}.Debug|Any CPU.Build.0 = Debug|Any CPU
		{BB769E99-116D-48B9-8B14-271BC394AB1C}.Release|Any CPU.ActiveCfg = Release|Any CPU
		{BB769E99-116D-48B9-8B14-271BC394AB1C}.Release|Any CPU.Build.0 = Release|Any CPU
		{2FBD55D0-8BB9-4F67-A65F-DB5FED65E597}.Debug|Any CPU.ActiveCfg = Debug|Any CPU
		{2FBD55D0-8BB9-4F67-A65F-DB5FED65E597}.Debug|Any CPU.Build.0 = Debug|Any CPU
		{2FBD55D0-8BB9-4F67-A65F-DB5FED65E597}.Release|Any CPU.ActiveCfg = Release|Any CPU
		{2FBD55D0-8BB9-4F67-A65F-DB5FED65E597}.Release|Any CPU.Build.0 = Release|Any CPU
		{BDCBFC94-88B4-425F-8D65-4F7A711D782F}.Debug|Any CPU.ActiveCfg = Debug|Any CPU
		{BDCBFC94-88B4-425F-8D65-4F7A711D782F}.Debug|Any CPU.Build.0 = Debug|Any CPU
		{BDCBFC94-88B4-425F-8D65-4F7A711D782F}.Release|Any CPU.ActiveCfg = Release|Any CPU
		{BDCBFC94-88B4-425F-8D65-4F7A711D782F}.Release|Any CPU.Build.0 = Release|Any CPU
		{E47F37FE-5199-479A-8210-F529DA945B79}.Debug|Any CPU.ActiveCfg = Debug|Any CPU
		{E47F37FE-5199-479A-8210-F529DA945B79}.Debug|Any CPU.Build.0 = Debug|Any CPU
		{E47F37FE-5199-479A-8210-F529DA945B79}.Release|Any CPU.ActiveCfg = Release|Any CPU
		{E47F37FE-5199-479A-8210-F529DA945B79}.Release|Any CPU.Build.0 = Release|Any CPU
		{A419CFD9-0D41-4728-AAE4-83A2C89801FB}.Debug|Any CPU.ActiveCfg = Debug|Any CPU
		{A419CFD9-0D41-4728-AAE4-83A2C89801FB}.Debug|Any CPU.Build.0 = Debug|Any CPU
		{A419CFD9-0D41-4728-AAE4-83A2C89801FB}.Release|Any CPU.ActiveCfg = Release|Any CPU
		{A419CFD9-0D41-4728-AAE4-83A2C89801FB}.Release|Any CPU.Build.0 = Release|Any CPU
		{69442DA8-297B-4AEA-AB6C-394DDC67839B}.Debug|Any CPU.ActiveCfg = Debug|Any CPU
		{69442DA8-297B-4AEA-AB6C-394DDC67839B}.Debug|Any CPU.Build.0 = Debug|Any CPU
		{69442DA8-297B-4AEA-AB6C-394DDC67839B}.Release|Any CPU.ActiveCfg = Release|Any CPU
		{69442DA8-297B-4AEA-AB6C-394DDC67839B}.Release|Any CPU.Build.0 = Release|Any CPU
		{F0B45A2E-4D76-4DFE-96B6-4268A46953E7}.Debug|Any CPU.ActiveCfg = Debug|Any CPU
		{F0B45A2E-4D76-4DFE-96B6-4268A46953E7}.Debug|Any CPU.Build.0 = Debug|Any CPU
		{F0B45A2E-4D76-4DFE-96B6-4268A46953E7}.Release|Any CPU.ActiveCfg = Release|Any CPU
		{F0B45A2E-4D76-4DFE-96B6-4268A46953E7}.Release|Any CPU.Build.0 = Release|Any CPU
		{3C100577-4346-4FFC-A3EF-3783060ED476}.Debug|Any CPU.ActiveCfg = Debug|Any CPU
		{3C100577-4346-4FFC-A3EF-3783060ED476}.Debug|Any CPU.Build.0 = Debug|Any CPU
		{3C100577-4346-4FFC-A3EF-3783060ED476}.Release|Any CPU.ActiveCfg = Release|Any CPU
		{3C100577-4346-4FFC-A3EF-3783060ED476}.Release|Any CPU.Build.0 = Release|Any CPU
	EndGlobalSection
EndGlobal
